
Microsoft Visual Studio Solution File, Format Version 12.00
# Visual Studio 15
VisualStudioVersion = 15.0.28307.902
MinimumVisualStudioVersion = 10.0.40219.1
Project("{FAE04EC0-301F-11D3-BF4B-00C04F79EFBC}") = "PokemonWPF", "StarWarsWPF\PokemonWPF.csproj", "{5827902D-72C4-488A-A5B8-BA696A047373}"
EndProject
Global
	GlobalSection(SolutionConfigurationPlatforms) = preSolution
		Debug|Any CPU = Debug|Any CPU
		Release|Any CPU = Release|Any CPU
	EndGlobalSection
	GlobalSection(ProjectConfigurationPlatforms) = postSolution
		{5827902D-72C4-488A-A5B8-BA696A047373}.Debug|Any CPU.ActiveCfg = Debug|Any CPU
		{5827902D-72C4-488A-A5B8-BA696A047373}.Debug|Any CPU.Build.0 = Debug|Any CPU
		{5827902D-72C4-488A-A5B8-BA696A047373}.Release|Any CPU.ActiveCfg = Release|Any CPU
		{5827902D-72C4-488A-A5B8-BA696A047373}.Release|Any CPU.Build.0 = Release|Any CPU
	EndGlobalSection
	GlobalSection(SolutionProperties) = preSolution
		HideSolutionNode = FALSE
	EndGlobalSection
	GlobalSection(ExtensibilityGlobals) = postSolution
		SolutionGuid = {8E67E02E-57E7-4C0E-9BF1-0F30610DF96D}
	EndGlobalSection
EndGlobal
